
Microsoft Visual Studio Solution File, Format Version 12.00
# Visual Studio 15
VisualStudioVersion = 15.0.28307.421
MinimumVisualStudioVersion = 10.0.40219.1
Project("{FAE04EC0-301F-11D3-BF4B-00C04F79EFBC}") = "PlacementCellP", "PlacementCellP\PlacementCellP.csproj", "{EF48EAB4-74A7-4426-894E-55A17C00C3CF}"
EndProject
Global
	GlobalSection(SolutionConfigurationPlatforms) = preSolution
		Debug|Any CPU = Debug|Any CPU
		Release|Any CPU = Release|Any CPU
	EndGlobalSection
	GlobalSection(ProjectConfigurationPlatforms) = postSolution
		{EF48EAB4-74A7-4426-894E-55A17C00C3CF}.Debug|Any CPU.ActiveCfg = Debug|Any CPU
		{EF48EAB4-74A7-4426-894E-55A17C00C3CF}.Debug|Any CPU.Build.0 = Debug|Any CPU
		{EF48EAB4-74A7-4426-894E-55A17C00C3CF}.Release|Any CPU.ActiveCfg = Release|Any CPU
		{EF48EAB4-74A7-4426-894E-55A17C00C3CF}.Release|Any CPU.Build.0 = Release|Any CPU
	EndGlobalSection
	GlobalSection(SolutionProperties) = preSolution
		HideSolutionNode = FALSE
	EndGlobalSection
	GlobalSection(ExtensibilityGlobals) = postSolution
		SolutionGuid = {F68FC511-1434-42EB-B6F3-0A06D2752279}
	EndGlobalSection
EndGlobal
